// !$*UTF8*$!
{
	archiveVersion = 1;
	classes = {
	};
	objectVersion = 56;
	objects = {

/* Begin PBXBuildFile section */
		7D1F9DB82B612BAB0099C23C /* AllTypes.swift in Sources */ = {isa = PBXBuildFile; fileRef = 7D1F9DB72B612BAB0099C23C /* AllTypes.swift */; };
		7D1F9DBB2B627BB60099C23C /* Waste.swift in Sources */ = {isa = PBXBuildFile; fileRef = 7D1F9DBA2B627BB60099C23C /* Waste.swift */; };
		7D27C4E52C09ED9B00A9B304 /* SnapKit in Frameworks */ = {isa = PBXBuildFile; productRef = 7D27C4E42C09ED9B00A9B304 /* SnapKit */; };
		7D27C4E72C0CB45100A9B304 /* TransferData.swift in Sources */ = {isa = PBXBuildFile; fileRef = 7D27C4E62C0CB45100A9B304 /* TransferData.swift */; };
		7D27C4E92C21A3ED00A9B304 /* WastesManager.swift in Sources */ = {isa = PBXBuildFile; fileRef = 7D27C4E82C21A3ED00A9B304 /* WastesManager.swift */; };
		7D27C4EB2C21A75C00A9B304 /* DateManager.swift in Sources */ = {isa = PBXBuildFile; fileRef = 7D27C4EA2C21A75C00A9B304 /* DateManager.swift */; };
		7D4777482B69149000BFEEAE /* Category.swift in Sources */ = {isa = PBXBuildFile; fileRef = 7D4777472B69149000BFEEAE /* Category.swift */; };
		7D54C0A92C5CDA9100F95D91 /* SplashViewController.swift in Sources */ = {isa = PBXBuildFile; fileRef = 7D54C0A82C5CDA9100F95D91 /* SplashViewController.swift */; };
		7D54C0AE2C5F913A00F95D91 /* Lottie in Frameworks */ = {isa = PBXBuildFile; productRef = 7D54C0AD2C5F913A00F95D91 /* Lottie */; };
		7D54C0B02C60E6AD00F95D91 /* animationSplash.json in Resources */ = {isa = PBXBuildFile; fileRef = 7D54C0AF2C60E6AD00F95D91 /* animationSplash.json */; };
		7D5C2F432BDFED9B00B12F07 /* JSONManager.swift in Sources */ = {isa = PBXBuildFile; fileRef = 7D5C2F422BDFED9B00B12F07 /* JSONManager.swift */; };
		7D701B982B45E0F300308946 /* AppDelegate.swift in Sources */ = {isa = PBXBuildFile; fileRef = 7D701B972B45E0F300308946 /* AppDelegate.swift */; };
		7D701B9A2B45E0F300308946 /* SceneDelegate.swift in Sources */ = {isa = PBXBuildFile; fileRef = 7D701B992B45E0F300308946 /* SceneDelegate.swift */; };
		7D701B9C2B45E0F300308946 /* ViewController.swift in Sources */ = {isa = PBXBuildFile; fileRef = 7D701B9B2B45E0F300308946 /* ViewController.swift */; };
		7D701B9F2B45E0F300308946 /* Main.storyboard in Resources */ = {isa = PBXBuildFile; fileRef = 7D701B9D2B45E0F300308946 /* Main.storyboard */; };
		7D701BA12B45E0F400308946 /* Assets.xcassets in Resources */ = {isa = PBXBuildFile; fileRef = 7D701BA02B45E0F400308946 /* Assets.xcassets */; };
		7D701BA42B45E0F400308946 /* LaunchScreen.storyboard in Resources */ = {isa = PBXBuildFile; fileRef = 7D701BA22B45E0F400308946 /* LaunchScreen.storyboard */; };
		7D75379D2B5EE95D004ABCAF /* IconsExtension.swift in Sources */ = {isa = PBXBuildFile; fileRef = 7D75379C2B5EE95D004ABCAF /* IconsExtension.swift */; };
		7D75379F2B6023D4004ABCAF /* TypesViewController.swift in Sources */ = {isa = PBXBuildFile; fileRef = 7D75379E2B6023D4004ABCAF /* TypesViewController.swift */; };
		7D76F71F2C47E780001B7A26 /* UDManager.swift in Sources */ = {isa = PBXBuildFile; fileRef = 7D76F71E2C47E780001B7A26 /* UDManager.swift */; };
		7D76F7212C501AC5001B7A26 /* PersonalTablesViewController.swift in Sources */ = {isa = PBXBuildFile; fileRef = 7D76F7202C501AC5001B7A26 /* PersonalTablesViewController.swift */; };
		7D76F7232C501EC9001B7A26 /* PersonalTablesCell.swift in Sources */ = {isa = PBXBuildFile; fileRef = 7D76F7222C501EC9001B7A26 /* PersonalTablesCell.swift */; };
		7D893F732D382C7A00B5097A /* PrivacyViewController.swift in Sources */ = {isa = PBXBuildFile; fileRef = 7D893F722D382C7A00B5097A /* PrivacyViewController.swift */; };
		7D893F752D3AF0A900B5097A /* WatstesList.swift in Sources */ = {isa = PBXBuildFile; fileRef = 7D893F742D3AF0A900B5097A /* WatstesList.swift */; };
		7D893FA32D3C0F6600B5097A /* WastesTableViewController.swift in Sources */ = {isa = PBXBuildFile; fileRef = 7D893FA22D3C0F6600B5097A /* WastesTableViewController.swift */; };
		7D893FA52D3C1D1500B5097A /* WastesTableView.swift in Sources */ = {isa = PBXBuildFile; fileRef = 7D893FA42D3C1D1500B5097A /* WastesTableView.swift */; };
		7D893FA82D3D62B000B5097A /* WastesTableTableViewCell.xib in Resources */ = {isa = PBXBuildFile; fileRef = 7D893FA72D3D62B000B5097A /* WastesTableTableViewCell.xib */; };
		7D893FA92D3D62B000B5097A /* WastesTableTableViewCell.swift in Sources */ = {isa = PBXBuildFile; fileRef = 7D893FA62D3D62B000B5097A /* WastesTableTableViewCell.swift */; };
		7D92DC542D6C9089004825B9 /* SwipesView.swift in Sources */ = {isa = PBXBuildFile; fileRef = 7D92DC532D6C9089004825B9 /* SwipesView.swift */; };
		7D92DC562D6C909A004825B9 /* Album.swift in Sources */ = {isa = PBXBuildFile; fileRef = 7D92DC552D6C909A004825B9 /* Album.swift */; };
		7D92DC582D6C90C7004825B9 /* Tool.swift in Sources */ = {isa = PBXBuildFile; fileRef = 7D92DC572D6C90C7004825B9 /* Tool.swift */; };
		7D92DC5A2D6C9123004825B9 /* AICategory.swift in Sources */ = {isa = PBXBuildFile; fileRef = 7D92DC592D6C9123004825B9 /* AICategory.swift */; };
		7D9701C02C3035FD00C11578 /* EditAlert.swift in Sources */ = {isa = PBXBuildFile; fileRef = 7D9701BF2C3035FD00C11578 /* EditAlert.swift */; };
		7D9EA48F2C0897BC004CCFFF /* HideKeyboard.swift in Sources */ = {isa = PBXBuildFile; fileRef = 7D9EA48E2C0897BC004CCFFF /* HideKeyboard.swift */; };
		7D9EA4912C0897CC004CCFFF /* AvoidingKeyboard.swift in Sources */ = {isa = PBXBuildFile; fileRef = 7D9EA4902C0897CC004CCFFF /* AvoidingKeyboard.swift */; };
		7DA061E82CFCB01C00A125DD /* Banner.swift in Sources */ = {isa = PBXBuildFile; fileRef = 7DA061E72CFCB01C00A125DD /* Banner.swift */; };
		7DA061EC2CFCBDCC00A125DD /* ShowBannerViewController.swift in Sources */ = {isa = PBXBuildFile; fileRef = 7DA061EB2CFCBDCC00A125DD /* ShowBannerViewController.swift */; };
		7DA061EE2CFCE83000A125DD /* UserDefaults.swift in Sources */ = {isa = PBXBuildFile; fileRef = 7DA061ED2CFCE83000A125DD /* UserDefaults.swift */; };
		7DAD11102B6A63A200BA73C7 /* AllColors.swift in Sources */ = {isa = PBXBuildFile; fileRef = 7DAD110F2B6A63A200BA73C7 /* AllColors.swift */; };
		7DAD11392B7E2F7700BA73C7 /* Graph.swift in Sources */ = {isa = PBXBuildFile; fileRef = 7DAD11382B7E2F7700BA73C7 /* Graph.swift */; };
		7DAF76F32BB8440200CF2CD9 /* ColorRandomizer.swift in Sources */ = {isa = PBXBuildFile; fileRef = 7DAF76F22BB8440200CF2CD9 /* ColorRandomizer.swift */; };
		7DBB37382D495F060034BE31 /* WastesViewController.swift in Sources */ = {isa = PBXBuildFile; fileRef = 7DBB37372D495F060034BE31 /* WastesViewController.swift */; };
		7DD83FA42C87307E002B3D40 /* PersonalPageTableViewCell.swift in Sources */ = {isa = PBXBuildFile; fileRef = 7DD83FA22C87307E002B3D40 /* PersonalPageTableViewCell.swift */; };
		7DD83FA52C87307E002B3D40 /* PersonalPageTableViewCell.xib in Resources */ = {isa = PBXBuildFile; fileRef = 7DD83FA32C87307E002B3D40 /* PersonalPageTableViewCell.xib */; };
		7DD83FA72C999B5D002B3D40 /* WebShowViewController.swift in Sources */ = {isa = PBXBuildFile; fileRef = 7DD83FA62C999B5D002B3D40 /* WebShowViewController.swift */; };
		7DD83FA92CB3FC51002B3D40 /* ShowReportViewController.swift in Sources */ = {isa = PBXBuildFile; fileRef = 7DD83FA82CB3FC51002B3D40 /* ShowReportViewController.swift */; };
		7DD83FAB2CB3FD05002B3D40 /* Report.swift in Sources */ = {isa = PBXBuildFile; fileRef = 7DD83FAA2CB3FD05002B3D40 /* Report.swift */; };
		7DD83FAE2CB40334002B3D40 /* ReportTableViewCell.swift in Sources */ = {isa = PBXBuildFile; fileRef = 7DD83FAC2CB40334002B3D40 /* ReportTableViewCell.swift */; };
		7DD83FAF2CB40334002B3D40 /* ReportTableViewCell.xib in Resources */ = {isa = PBXBuildFile; fileRef = 7DD83FAD2CB40334002B3D40 /* ReportTableViewCell.xib */; };
		7DE0971A2B54184700E23A5B /* ColorExtension.swift in Sources */ = {isa = PBXBuildFile; fileRef = 7DE097192B54184700E23A5B /* ColorExtension.swift */; };
		7DE0971C2B541A1700E23A5B /* CreateWasteViewController.swift in Sources */ = {isa = PBXBuildFile; fileRef = 7DE0971B2B541A1700E23A5B /* CreateWasteViewController.swift */; };
		7DE097212B554A9600E23A5B /* WastePageViewController.swift in Sources */ = {isa = PBXBuildFile; fileRef = 7DE097202B554A9600E23A5B /* WastePageViewController.swift */; };
		7DE097232B584C0200E23A5B /* PersonalPageViewController.swift in Sources */ = {isa = PBXBuildFile; fileRef = 7DE097222B584C0200E23A5B /* PersonalPageViewController.swift */; };
		7DE097252B584F1D00E23A5B /* StatsViewController.swift in Sources */ = {isa = PBXBuildFile; fileRef = 7DE097242B584F1D00E23A5B /* StatsViewController.swift */; };
		7DE097272B585ED600E23A5B /* SettingsViewController.swift in Sources */ = {isa = PBXBuildFile; fileRef = 7DE097262B585ED600E23A5B /* SettingsViewController.swift */; };
		7DE097292B585F2A00E23A5B /* AnalyticsViewController.swift in Sources */ = {isa = PBXBuildFile; fileRef = 7DE097282B585F2A00E23A5B /* AnalyticsViewController.swift */; };
/* End PBXBuildFile section */

/* Begin PBXCopyFilesBuildPhase section */
		7D27C4D52C0911EF00A9B304 /* Embed Frameworks */ = {
			isa = PBXCopyFilesBuildPhase;
			buildActionMask = 8;
			dstPath = "";
			dstSubfolderSpec = 10;
			files = (
			);
			name = "Embed Frameworks";
			runOnlyForDeploymentPostprocessing = 1;
		};
/* End PBXCopyFilesBuildPhase section */

/* Begin PBXFileReference section */
		7D1F9DB72B612BAB0099C23C /* AllTypes.swift */ = {isa = PBXFileReference; lastKnownFileType = sourcecode.swift; path = AllTypes.swift; sourceTree = "<group>"; };
		7D1F9DBA2B627BB60099C23C /* Waste.swift */ = {isa = PBXFileReference; lastKnownFileType = sourcecode.swift; path = Waste.swift; sourceTree = "<group>"; };
		7D27C4E62C0CB45100A9B304 /* TransferData.swift */ = {isa = PBXFileReference; lastKnownFileType = sourcecode.swift; path = TransferData.swift; sourceTree = "<group>"; };
		7D27C4E82C21A3ED00A9B304 /* WastesManager.swift */ = {isa = PBXFileReference; lastKnownFileType = sourcecode.swift; path = WastesManager.swift; sourceTree = "<group>"; };
		7D27C4EA2C21A75C00A9B304 /* DateManager.swift */ = {isa = PBXFileReference; lastKnownFileType = sourcecode.swift; path = DateManager.swift; sourceTree = "<group>"; };
		7D4777472B69149000BFEEAE /* Category.swift */ = {isa = PBXFileReference; lastKnownFileType = sourcecode.swift; path = Category.swift; sourceTree = "<group>"; };
		7D54C0A82C5CDA9100F95D91 /* SplashViewController.swift */ = {isa = PBXFileReference; lastKnownFileType = sourcecode.swift; path = SplashViewController.swift; sourceTree = "<group>"; };
		7D54C0AF2C60E6AD00F95D91 /* animationSplash.json */ = {isa = PBXFileReference; fileEncoding = 4; lastKnownFileType = text.json; path = animationSplash.json; sourceTree = "<group>"; };
		7D5C2F422BDFED9B00B12F07 /* JSONManager.swift */ = {isa = PBXFileReference; lastKnownFileType = sourcecode.swift; path = JSONManager.swift; sourceTree = "<group>"; };
		7D701B942B45E0F300308946 /* Waster.app */ = {isa = PBXFileReference; explicitFileType = wrapper.application; includeInIndex = 0; path = Waster.app; sourceTree = BUILT_PRODUCTS_DIR; };
		7D701B972B45E0F300308946 /* AppDelegate.swift */ = {isa = PBXFileReference; lastKnownFileType = sourcecode.swift; path = AppDelegate.swift; sourceTree = "<group>"; };
		7D701B992B45E0F300308946 /* SceneDelegate.swift */ = {isa = PBXFileReference; lastKnownFileType = sourcecode.swift; path = SceneDelegate.swift; sourceTree = "<group>"; };
		7D701B9B2B45E0F300308946 /* ViewController.swift */ = {isa = PBXFileReference; lastKnownFileType = sourcecode.swift; path = ViewController.swift; sourceTree = "<group>"; };
		7D701B9E2B45E0F300308946 /* Base */ = {isa = PBXFileReference; lastKnownFileType = file.storyboard; name = Base; path = Base.lproj/Main.storyboard; sourceTree = "<group>"; };
		7D701BA02B45E0F400308946 /* Assets.xcassets */ = {isa = PBXFileReference; lastKnownFileType = folder.assetcatalog; path = Assets.xcassets; sourceTree = "<group>"; };
		7D701BA32B45E0F400308946 /* Base */ = {isa = PBXFileReference; lastKnownFileType = file.storyboard; name = Base; path = Base.lproj/LaunchScreen.storyboard; sourceTree = "<group>"; };
		7D701BA52B45E0F400308946 /* Info.plist */ = {isa = PBXFileReference; lastKnownFileType = text.plist.xml; path = Info.plist; sourceTree = "<group>"; };
		7D75379C2B5EE95D004ABCAF /* IconsExtension.swift */ = {isa = PBXFileReference; lastKnownFileType = sourcecode.swift; path = IconsExtension.swift; sourceTree = "<group>"; };
		7D75379E2B6023D4004ABCAF /* TypesViewController.swift */ = {isa = PBXFileReference; lastKnownFileType = sourcecode.swift; path = TypesViewController.swift; sourceTree = "<group>"; };
		7D76F71E2C47E780001B7A26 /* UDManager.swift */ = {isa = PBXFileReference; lastKnownFileType = sourcecode.swift; path = UDManager.swift; sourceTree = "<group>"; };
		7D76F7202C501AC5001B7A26 /* PersonalTablesViewController.swift */ = {isa = PBXFileReference; lastKnownFileType = sourcecode.swift; path = PersonalTablesViewController.swift; sourceTree = "<group>"; };
		7D76F7222C501EC9001B7A26 /* PersonalTablesCell.swift */ = {isa = PBXFileReference; lastKnownFileType = sourcecode.swift; path = PersonalTablesCell.swift; sourceTree = "<group>"; };
		7D893F722D382C7A00B5097A /* PrivacyViewController.swift */ = {isa = PBXFileReference; lastKnownFileType = sourcecode.swift; path = PrivacyViewController.swift; sourceTree = "<group>"; };
		7D893F742D3AF0A900B5097A /* WatstesList.swift */ = {isa = PBXFileReference; lastKnownFileType = sourcecode.swift; path = WatstesList.swift; sourceTree = "<group>"; };
		7D893FA22D3C0F6600B5097A /* WastesTableViewController.swift */ = {isa = PBXFileReference; lastKnownFileType = sourcecode.swift; path = WastesTableViewController.swift; sourceTree = "<group>"; };
		7D893FA42D3C1D1500B5097A /* WastesTableView.swift */ = {isa = PBXFileReference; lastKnownFileType = sourcecode.swift; path = WastesTableView.swift; sourceTree = "<group>"; };
		7D893FA62D3D62B000B5097A /* WastesTableTableViewCell.swift */ = {isa = PBXFileReference; lastKnownFileType = sourcecode.swift; path = WastesTableTableViewCell.swift; sourceTree = "<group>"; };
		7D893FA72D3D62B000B5097A /* WastesTableTableViewCell.xib */ = {isa = PBXFileReference; lastKnownFileType = file.xib; path = WastesTableTableViewCell.xib; sourceTree = "<group>"; };
		7D92DC532D6C9089004825B9 /* SwipesView.swift */ = {isa = PBXFileReference; lastKnownFileType = sourcecode.swift; path = SwipesView.swift; sourceTree = "<group>"; };
		7D92DC552D6C909A004825B9 /* Album.swift */ = {isa = PBXFileReference; lastKnownFileType = sourcecode.swift; path = Album.swift; sourceTree = "<group>"; };
		7D92DC572D6C90C7004825B9 /* Tool.swift */ = {isa = PBXFileReference; lastKnownFileType = sourcecode.swift; path = Tool.swift; sourceTree = "<group>"; };
		7D92DC592D6C9123004825B9 /* AICategory.swift */ = {isa = PBXFileReference; lastKnownFileType = sourcecode.swift; path = AICategory.swift; sourceTree = "<group>"; };
		7D9701BF2C3035FD00C11578 /* EditAlert.swift */ = {isa = PBXFileReference; lastKnownFileType = sourcecode.swift; path = EditAlert.swift; sourceTree = "<group>"; };
		7D9EA48E2C0897BC004CCFFF /* HideKeyboard.swift */ = {isa = PBXFileReference; lastKnownFileType = sourcecode.swift; path = HideKeyboard.swift; sourceTree = "<group>"; };
		7D9EA4902C0897CC004CCFFF /* AvoidingKeyboard.swift */ = {isa = PBXFileReference; lastKnownFileType = sourcecode.swift; path = AvoidingKeyboard.swift; sourceTree = "<group>"; };
		7DA061E72CFCB01C00A125DD /* Banner.swift */ = {isa = PBXFileReference; lastKnownFileType = sourcecode.swift; path = Banner.swift; sourceTree = "<group>"; };
		7DA061EB2CFCBDCC00A125DD /* ShowBannerViewController.swift */ = {isa = PBXFileReference; lastKnownFileType = sourcecode.swift; path = ShowBannerViewController.swift; sourceTree = "<group>"; };
		7DA061ED2CFCE83000A125DD /* UserDefaults.swift */ = {isa = PBXFileReference; lastKnownFileType = sourcecode.swift; path = UserDefaults.swift; sourceTree = "<group>"; };
		7DAD110F2B6A63A200BA73C7 /* AllColors.swift */ = {isa = PBXFileReference; lastKnownFileType = sourcecode.swift; path = AllColors.swift; sourceTree = "<group>"; };
		7DAD11382B7E2F7700BA73C7 /* Graph.swift */ = {isa = PBXFileReference; lastKnownFileType = sourcecode.swift; path = Graph.swift; sourceTree = "<group>"; };
		7DAF76F22BB8440200CF2CD9 /* ColorRandomizer.swift */ = {isa = PBXFileReference; lastKnownFileType = sourcecode.swift; path = ColorRandomizer.swift; sourceTree = "<group>"; };
		7DBB37372D495F060034BE31 /* WastesViewController.swift */ = {isa = PBXFileReference; lastKnownFileType = sourcecode.swift; path = WastesViewController.swift; sourceTree = "<group>"; };
		7DD83FA22C87307E002B3D40 /* PersonalPageTableViewCell.swift */ = {isa = PBXFileReference; lastKnownFileType = sourcecode.swift; path = PersonalPageTableViewCell.swift; sourceTree = "<group>"; };
		7DD83FA32C87307E002B3D40 /* PersonalPageTableViewCell.xib */ = {isa = PBXFileReference; lastKnownFileType = file.xib; path = PersonalPageTableViewCell.xib; sourceTree = "<group>"; };
		7DD83FA62C999B5D002B3D40 /* WebShowViewController.swift */ = {isa = PBXFileReference; lastKnownFileType = sourcecode.swift; path = WebShowViewController.swift; sourceTree = "<group>"; };
		7DD83FA82CB3FC51002B3D40 /* ShowReportViewController.swift */ = {isa = PBXFileReference; lastKnownFileType = sourcecode.swift; path = ShowReportViewController.swift; sourceTree = "<group>"; };
		7DD83FAA2CB3FD05002B3D40 /* Report.swift */ = {isa = PBXFileReference; lastKnownFileType = sourcecode.swift; path = Report.swift; sourceTree = "<group>"; };
		7DD83FAC2CB40334002B3D40 /* ReportTableViewCell.swift */ = {isa = PBXFileReference; lastKnownFileType = sourcecode.swift; path = ReportTableViewCell.swift; sourceTree = "<group>"; };
		7DD83FAD2CB40334002B3D40 /* ReportTableViewCell.xib */ = {isa = PBXFileReference; lastKnownFileType = file.xib; path = ReportTableViewCell.xib; sourceTree = "<group>"; };
		7DE097192B54184700E23A5B /* ColorExtension.swift */ = {isa = PBXFileReference; lastKnownFileType = sourcecode.swift; path = ColorExtension.swift; sourceTree = "<group>"; };
		7DE0971B2B541A1700E23A5B /* CreateWasteViewController.swift */ = {isa = PBXFileReference; lastKnownFileType = sourcecode.swift; path = CreateWasteViewController.swift; sourceTree = "<group>"; };
		7DE097202B554A9600E23A5B /* WastePageViewController.swift */ = {isa = PBXFileReference; lastKnownFileType = sourcecode.swift; path = WastePageViewController.swift; sourceTree = "<group>"; };
		7DE097222B584C0200E23A5B /* PersonalPageViewController.swift */ = {isa = PBXFileReference; lastKnownFileType = sourcecode.swift; path = PersonalPageViewController.swift; sourceTree = "<group>"; };
		7DE097242B584F1D00E23A5B /* StatsViewController.swift */ = {isa = PBXFileReference; lastKnownFileType = sourcecode.swift; path = StatsViewController.swift; sourceTree = "<group>"; };
		7DE097262B585ED600E23A5B /* SettingsViewController.swift */ = {isa = PBXFileReference; lastKnownFileType = sourcecode.swift; path = SettingsViewController.swift; sourceTree = "<group>"; };
		7DE097282B585F2A00E23A5B /* AnalyticsViewController.swift */ = {isa = PBXFileReference; lastKnownFileType = sourcecode.swift; path = AnalyticsViewController.swift; sourceTree = "<group>"; };
/* End PBXFileReference section */

/* Begin PBXFrameworksBuildPhase section */
		7D701B912B45E0F300308946 /* Frameworks */ = {
			isa = PBXFrameworksBuildPhase;
			buildActionMask = 2147483647;
			files = (
				7D27C4E52C09ED9B00A9B304 /* SnapKit in Frameworks */,
				7D54C0AE2C5F913A00F95D91 /* Lottie in Frameworks */,
			);
			runOnlyForDeploymentPostprocessing = 0;
		};
/* End PBXFrameworksBuildPhase section */

/* Begin PBXGroup section */
		7D1F9DB62B612B8F0099C23C /* CommonData */ = {
			isa = PBXGroup;
			children = (
				7D1F9DB72B612BAB0099C23C /* AllTypes.swift */,
				7DAD110F2B6A63A200BA73C7 /* AllColors.swift */,
				7DA061ED2CFCE83000A125DD /* UserDefaults.swift */,
			);
			path = CommonData;
			sourceTree = "<group>";
		};
		7D1F9DB92B627BA20099C23C /* Objects */ = {
			isa = PBXGroup;
			children = (
				7D1F9DBA2B627BB60099C23C /* Waste.swift */,
				7D4777472B69149000BFEEAE /* Category.swift */,
				7DAD11382B7E2F7700BA73C7 /* Graph.swift */,
				7DAF76F22BB8440200CF2CD9 /* ColorRandomizer.swift */,
				7D5C2F422BDFED9B00B12F07 /* JSONManager.swift */,
				7D27C4E82C21A3ED00A9B304 /* WastesManager.swift */,
				7D27C4EA2C21A75C00A9B304 /* DateManager.swift */,
				7D9701BF2C3035FD00C11578 /* EditAlert.swift */,
				7D76F71E2C47E780001B7A26 /* UDManager.swift */,
				7DD83FAA2CB3FD05002B3D40 /* Report.swift */,
				7DA061E72CFCB01C00A125DD /* Banner.swift */,
				7D893F742D3AF0A900B5097A /* WatstesList.swift */,
				7D893FA42D3C1D1500B5097A /* WastesTableView.swift */,
			);
			path = Objects;
			sourceTree = "<group>";
		};
		7D701B8B2B45E0F300308946 = {
			isa = PBXGroup;
			children = (
				7D701B962B45E0F300308946 /* Waster */,
				7D701B952B45E0F300308946 /* Products */,
			);
			sourceTree = "<group>";
		};
		7D701B952B45E0F300308946 /* Products */ = {
			isa = PBXGroup;
			children = (
				7D701B942B45E0F300308946 /* Waster.app */,
			);
			name = Products;
			sourceTree = "<group>";
		};
		7D701B962B45E0F300308946 /* Waster */ = {
			isa = PBXGroup;
			children = (
				7D701B972B45E0F300308946 /* AppDelegate.swift */,
				7D701B992B45E0F300308946 /* SceneDelegate.swift */,
				7D54C0AF2C60E6AD00F95D91 /* animationSplash.json */,
				7D54C0A82C5CDA9100F95D91 /* SplashViewController.swift */,
				7D701B9B2B45E0F300308946 /* ViewController.swift */,
				7DE0971B2B541A1700E23A5B /* CreateWasteViewController.swift */,
				7DE097202B554A9600E23A5B /* WastePageViewController.swift */,
				7DE097222B584C0200E23A5B /* PersonalPageViewController.swift */,
				7D76F7202C501AC5001B7A26 /* PersonalTablesViewController.swift */,
				7DD83FA22C87307E002B3D40 /* PersonalPageTableViewCell.swift */,
				7DD83FA32C87307E002B3D40 /* PersonalPageTableViewCell.xib */,
				7D76F7222C501EC9001B7A26 /* PersonalTablesCell.swift */,
				7D893FA22D3C0F6600B5097A /* WastesTableViewController.swift */,
				7D893FA62D3D62B000B5097A /* WastesTableTableViewCell.swift */,
				7D893FA72D3D62B000B5097A /* WastesTableTableViewCell.xib */,
				7DE097242B584F1D00E23A5B /* StatsViewController.swift */,
				7DE097262B585ED600E23A5B /* SettingsViewController.swift */,
				7DD83FA62C999B5D002B3D40 /* WebShowViewController.swift */,
				7D893F722D382C7A00B5097A /* PrivacyViewController.swift */,
				7DE097282B585F2A00E23A5B /* AnalyticsViewController.swift */,
				7D75379E2B6023D4004ABCAF /* TypesViewController.swift */,
				7DD83FA82CB3FC51002B3D40 /* ShowReportViewController.swift */,
				7DD83FAC2CB40334002B3D40 /* ReportTableViewCell.swift */,
				7DA061EB2CFCBDCC00A125DD /* ShowBannerViewController.swift */,
				7DBB37372D495F060034BE31 /* WastesViewController.swift */,
				7DD83FAD2CB40334002B3D40 /* ReportTableViewCell.xib */,
				7D701B9D2B45E0F300308946 /* Main.storyboard */,
				7D701BA02B45E0F400308946 /* Assets.xcassets */,
				7D701BA22B45E0F400308946 /* LaunchScreen.storyboard */,
				7D701BA52B45E0F400308946 /* Info.plist */,
				7D92DC502D6C9060004825B9 /* Cleaner */,
				7D1F9DB92B627BA20099C23C /* Objects */,
				7D1F9DB62B612B8F0099C23C /* CommonData */,
				7DE097182B54182E00E23A5B /* Extensions */,
			);
			path = Waster;
			sourceTree = "<group>";
		};
		7D92DC502D6C9060004825B9 /* Cleaner */ = {
			isa = PBXGroup;
			children = (
				7D92DC532D6C9089004825B9 /* SwipesView.swift */,
				7D92DC552D6C909A004825B9 /* Album.swift */,
				7D92DC572D6C90C7004825B9 /* Tool.swift */,
				7D92DC592D6C9123004825B9 /* AICategory.swift */,
			);
			path = Cleaner;
			sourceTree = "<group>";
		};
		7DE097182B54182E00E23A5B /* Extensions */ = {
			isa = PBXGroup;
			children = (
				7DE097192B54184700E23A5B /* ColorExtension.swift */,
				7D75379C2B5EE95D004ABCAF /* IconsExtension.swift */,
				7D9EA48E2C0897BC004CCFFF /* HideKeyboard.swift */,
				7D9EA4902C0897CC004CCFFF /* AvoidingKeyboard.swift */,
				7D27C4E62C0CB45100A9B304 /* TransferData.swift */,
			);
			path = Extensions;
			sourceTree = "<group>";
		};
/* End PBXGroup section */

/* Begin PBXNativeTarget section */
		7D701B932B45E0F300308946 /* Waster */ = {
			isa = PBXNativeTarget;
			buildConfigurationList = 7D701BA82B45E0F400308946 /* Build configuration list for PBXNativeTarget "Waster" */;
			buildPhases = (
				7D701B902B45E0F300308946 /* Sources */,
				7D701B912B45E0F300308946 /* Frameworks */,
				7D701B922B45E0F300308946 /* Resources */,
				7D27C4D52C0911EF00A9B304 /* Embed Frameworks */,
			);
			buildRules = (
			);
			dependencies = (
			);
			name = Waster;
			packageProductDependencies = (
				7D27C4E42C09ED9B00A9B304 /* SnapKit */,
				7D54C0AD2C5F913A00F95D91 /* Lottie */,
			);
			productName = Waster;
			productReference = 7D701B942B45E0F300308946 /* Waster.app */;
			productType = "com.apple.product-type.application";
		};
/* End PBXNativeTarget section */

/* Begin PBXProject section */
		7D701B8C2B45E0F300308946 /* Project object */ = {
			isa = PBXProject;
			attributes = {
				BuildIndependentTargetsInParallel = 1;
				LastSwiftUpdateCheck = 1510;
				LastUpgradeCheck = 1510;
				TargetAttributes = {
					7D701B932B45E0F300308946 = {
						CreatedOnToolsVersion = 15.1;
					};
				};
			};
			buildConfigurationList = 7D701B8F2B45E0F300308946 /* Build configuration list for PBXProject "Waster" */;
			compatibilityVersion = "Xcode 14.0";
			developmentRegion = en;
			hasScannedForEncodings = 0;
			knownRegions = (
				en,
				Base,
			);
			mainGroup = 7D701B8B2B45E0F300308946;
			packageReferences = (
				7D27C4E32C09ED9B00A9B304 /* XCRemoteSwiftPackageReference "SnapKit" */,
				7D54C0AC2C5F913A00F95D91 /* XCRemoteSwiftPackageReference "lottie-ios" */,
			);
			productRefGroup = 7D701B952B45E0F300308946 /* Products */;
			projectDirPath = "";
			projectRoot = "";
			targets = (
				7D701B932B45E0F300308946 /* Waster */,
			);
		};
/* End PBXProject section */

/* Begin PBXResourcesBuildPhase section */
		7D701B922B45E0F300308946 /* Resources */ = {
			isa = PBXResourcesBuildPhase;
			buildActionMask = 2147483647;
			files = (
				7DD83FA52C87307E002B3D40 /* PersonalPageTableViewCell.xib in Resources */,
				7D701BA42B45E0F400308946 /* LaunchScreen.storyboard in Resources */,
				7D893FA82D3D62B000B5097A /* WastesTableTableViewCell.xib in Resources */,
				7D701BA12B45E0F400308946 /* Assets.xcassets in Resources */,
				7D701B9F2B45E0F300308946 /* Main.storyboard in Resources */,
				7D54C0B02C60E6AD00F95D91 /* animationSplash.json in Resources */,
				7DD83FAF2CB40334002B3D40 /* ReportTableViewCell.xib in Resources */,
			);
			runOnlyForDeploymentPostprocessing = 0;
		};
/* End PBXResourcesBuildPhase section */

/* Begin PBXSourcesBuildPhase section */
		7D701B902B45E0F300308946 /* Sources */ = {
			isa = PBXSourcesBuildPhase;
			buildActionMask = 2147483647;
			files = (
				7D54C0A92C5CDA9100F95D91 /* SplashViewController.swift in Sources */,
				7D1F9DBB2B627BB60099C23C /* Waste.swift in Sources */,
				7D5C2F432BDFED9B00B12F07 /* JSONManager.swift in Sources */,
				7DA061EC2CFCBDCC00A125DD /* ShowBannerViewController.swift in Sources */,
				7D76F7232C501EC9001B7A26 /* PersonalTablesCell.swift in Sources */,
				7DBB37382D495F060034BE31 /* WastesViewController.swift in Sources */,
				7D27C4E72C0CB45100A9B304 /* TransferData.swift in Sources */,
				7D701B9C2B45E0F300308946 /* ViewController.swift in Sources */,
				7DAF76F32BB8440200CF2CD9 /* ColorRandomizer.swift in Sources */,
				7D893F752D3AF0A900B5097A /* WatstesList.swift in Sources */,
				7DAD11392B7E2F7700BA73C7 /* Graph.swift in Sources */,
				7DAD11102B6A63A200BA73C7 /* AllColors.swift in Sources */,
				7D893FA92D3D62B000B5097A /* WastesTableTableViewCell.swift in Sources */,
				7DE0971C2B541A1700E23A5B /* CreateWasteViewController.swift in Sources */,
				7D92DC562D6C909A004825B9 /* Album.swift in Sources */,
				7D92DC582D6C90C7004825B9 /* Tool.swift in Sources */,
				7DA061EE2CFCE83000A125DD /* UserDefaults.swift in Sources */,
				7D27C4E92C21A3ED00A9B304 /* WastesManager.swift in Sources */,
				7DE097252B584F1D00E23A5B /* StatsViewController.swift in Sources */,
				7D701B982B45E0F300308946 /* AppDelegate.swift in Sources */,
				7D9EA48F2C0897BC004CCFFF /* HideKeyboard.swift in Sources */,
				7D9EA4912C0897CC004CCFFF /* AvoidingKeyboard.swift in Sources */,
				7D701B9A2B45E0F300308946 /* SceneDelegate.swift in Sources */,
				7D4777482B69149000BFEEAE /* Category.swift in Sources */,
				7DD83FAB2CB3FD05002B3D40 /* Report.swift in Sources */,
				7DD83FA42C87307E002B3D40 /* PersonalPageTableViewCell.swift in Sources */,
				7D9701C02C3035FD00C11578 /* EditAlert.swift in Sources */,
				7DD83FA72C999B5D002B3D40 /* WebShowViewController.swift in Sources */,
				7D893FA52D3C1D1500B5097A /* WastesTableView.swift in Sources */,
				7D75379D2B5EE95D004ABCAF /* IconsExtension.swift in Sources */,
				7DE097212B554A9600E23A5B /* WastePageViewController.swift in Sources */,
				7DE097232B584C0200E23A5B /* PersonalPageViewController.swift in Sources */,
				7DD83FA92CB3FC51002B3D40 /* ShowReportViewController.swift in Sources */,
				7D1F9DB82B612BAB0099C23C /* AllTypes.swift in Sources */,
				7D92DC5A2D6C9123004825B9 /* AICategory.swift in Sources */,
				7D75379F2B6023D4004ABCAF /* TypesViewController.swift in Sources */,
				7D27C4EB2C21A75C00A9B304 /* DateManager.swift in Sources */,
				7D76F71F2C47E780001B7A26 /* UDManager.swift in Sources */,
				7D893FA32D3C0F6600B5097A /* WastesTableViewController.swift in Sources */,
				7D893F732D382C7A00B5097A /* PrivacyViewController.swift in Sources */,
				7D76F7212C501AC5001B7A26 /* PersonalTablesViewController.swift in Sources */,
				7DE097292B585F2A00E23A5B /* AnalyticsViewController.swift in Sources */,
				7DE0971A2B54184700E23A5B /* ColorExtension.swift in Sources */,
				7DA061E82CFCB01C00A125DD /* Banner.swift in Sources */,
				7D92DC542D6C9089004825B9 /* SwipesView.swift in Sources */,
				7DD83FAE2CB40334002B3D40 /* ReportTableViewCell.swift in Sources */,
				7DE097272B585ED600E23A5B /* SettingsViewController.swift in Sources */,
			);
			runOnlyForDeploymentPostprocessing = 0;
		};
/* End PBXSourcesBuildPhase section */

/* Begin PBXVariantGroup section */
		7D701B9D2B45E0F300308946 /* Main.storyboard */ = {
			isa = PBXVariantGroup;
			children = (
				7D701B9E2B45E0F300308946 /* Base */,
			);
			name = Main.storyboard;
			sourceTree = "<group>";
		};
		7D701BA22B45E0F400308946 /* LaunchScreen.storyboard */ = {
			isa = PBXVariantGroup;
			children = (
				7D701BA32B45E0F400308946 /* Base */,
			);
			name = LaunchScreen.storyboard;
			sourceTree = "<group>";
		};
/* End PBXVariantGroup section */

/* Begin XCBuildConfiguration section */
		7D701BA62B45E0F400308946 /* Debug */ = {
			isa = XCBuildConfiguration;
			buildSettings = {
				ALWAYS_SEARCH_USER_PATHS = NO;
				ASSETCATALOG_COMPILER_GENERATE_SWIFT_ASSET_SYMBOL_EXTENSIONS = YES;
				CLANG_ANALYZER_NONNULL = YES;
				CLANG_ANALYZER_NUMBER_OBJECT_CONVERSION = YES_AGGRESSIVE;
				CLANG_CXX_LANGUAGE_STANDARD = "gnu++20";
				CLANG_ENABLE_MODULES = YES;
				CLANG_ENABLE_OBJC_ARC = YES;
				CLANG_ENABLE_OBJC_WEAK = YES;
				CLANG_WARN_BLOCK_CAPTURE_AUTORELEASING = YES;
				CLANG_WARN_BOOL_CONVERSION = YES;
				CLANG_WARN_COMMA = YES;
				CLANG_WARN_CONSTANT_CONVERSION = YES;
				CLANG_WARN_DEPRECATED_OBJC_IMPLEMENTATIONS = YES;
				CLANG_WARN_DIRECT_OBJC_ISA_USAGE = YES_ERROR;
				CLANG_WARN_DOCUMENTATION_COMMENTS = YES;
				CLANG_WARN_EMPTY_BODY = YES;
				CLANG_WARN_ENUM_CONVERSION = YES;
				CLANG_WARN_INFINITE_RECURSION = YES;
				CLANG_WARN_INT_CONVERSION = YES;
				CLANG_WARN_NON_LITERAL_NULL_CONVERSION = YES;
				CLANG_WARN_OBJC_IMPLICIT_RETAIN_SELF = YES;
				CLANG_WARN_OBJC_LITERAL_CONVERSION = YES;
				CLANG_WARN_OBJC_ROOT_CLASS = YES_ERROR;
				CLANG_WARN_QUOTED_INCLUDE_IN_FRAMEWORK_HEADER = YES;
				CLANG_WARN_RANGE_LOOP_ANALYSIS = YES;
				CLANG_WARN_STRICT_PROTOTYPES = YES;
				CLANG_WARN_SUSPICIOUS_MOVE = YES;
				CLANG_WARN_UNGUARDED_AVAILABILITY = YES_AGGRESSIVE;
				CLANG_WARN_UNREACHABLE_CODE = YES;
				CLANG_WARN__DUPLICATE_METHOD_MATCH = YES;
				COPY_PHASE_STRIP = NO;
				DEBUG_INFORMATION_FORMAT = dwarf;
				ENABLE_STRICT_OBJC_MSGSEND = YES;
				ENABLE_TESTABILITY = YES;
				ENABLE_USER_SCRIPT_SANDBOXING = YES;
				GCC_C_LANGUAGE_STANDARD = gnu17;
				GCC_DYNAMIC_NO_PIC = NO;
				GCC_NO_COMMON_BLOCKS = YES;
				GCC_OPTIMIZATION_LEVEL = 0;
				GCC_PREPROCESSOR_DEFINITIONS = (
					"DEBUG=1",
					"$(inherited)",
				);
				GCC_WARN_64_TO_32_BIT_CONVERSION = YES;
				GCC_WARN_ABOUT_RETURN_TYPE = YES_ERROR;
				GCC_WARN_UNDECLARED_SELECTOR = YES;
				GCC_WARN_UNINITIALIZED_AUTOS = YES_AGGRESSIVE;
				GCC_WARN_UNUSED_FUNCTION = YES;
				GCC_WARN_UNUSED_VARIABLE = YES;
				IPHONEOS_DEPLOYMENT_TARGET = 16.6;
				LOCALIZATION_PREFERS_STRING_CATALOGS = YES;
				MTL_ENABLE_DEBUG_INFO = INCLUDE_SOURCE;
				MTL_FAST_MATH = YES;
				ONLY_ACTIVE_ARCH = YES;
				SDKROOT = iphoneos;
				SWIFT_ACTIVE_COMPILATION_CONDITIONS = "DEBUG $(inherited)";
				SWIFT_OPTIMIZATION_LEVEL = "-Onone";
			};
			name = Debug;
		};
		7D701BA72B45E0F400308946 /* Release */ = {
			isa = XCBuildConfiguration;
			buildSettings = {
				ALWAYS_SEARCH_USER_PATHS = NO;
				ASSETCATALOG_COMPILER_GENERATE_SWIFT_ASSET_SYMBOL_EXTENSIONS = YES;
				CLANG_ANALYZER_NONNULL = YES;
				CLANG_ANALYZER_NUMBER_OBJECT_CONVERSION = YES_AGGRESSIVE;
				CLANG_CXX_LANGUAGE_STANDARD = "gnu++20";
				CLANG_ENABLE_MODULES = YES;
				CLANG_ENABLE_OBJC_ARC = YES;
				CLANG_ENABLE_OBJC_WEAK = YES;
				CLANG_WARN_BLOCK_CAPTURE_AUTORELEASING = YES;
				CLANG_WARN_BOOL_CONVERSION = YES;
				CLANG_WARN_COMMA = YES;
				CLANG_WARN_CONSTANT_CONVERSION = YES;
				CLANG_WARN_DEPRECATED_OBJC_IMPLEMENTATIONS = YES;
				CLANG_WARN_DIRECT_OBJC_ISA_USAGE = YES_ERROR;
				CLANG_WARN_DOCUMENTATION_COMMENTS = YES;
				CLANG_WARN_EMPTY_BODY = YES;
				CLANG_WARN_ENUM_CONVERSION = YES;
				CLANG_WARN_INFINITE_RECURSION = YES;
				CLANG_WARN_INT_CONVERSION = YES;
				CLANG_WARN_NON_LITERAL_NULL_CONVERSION = YES;
				CLANG_WARN_OBJC_IMPLICIT_RETAIN_SELF = YES;
				CLANG_WARN_OBJC_LITERAL_CONVERSION = YES;
				CLANG_WARN_OBJC_ROOT_CLASS = YES_ERROR;
				CLANG_WARN_QUOTED_INCLUDE_IN_FRAMEWORK_HEADER = YES;
				CLANG_WARN_RANGE_LOOP_ANALYSIS = YES;
				CLANG_WARN_STRICT_PROTOTYPES = YES;
				CLANG_WARN_SUSPICIOUS_MOVE = YES;
				CLANG_WARN_UNGUARDED_AVAILABILITY = YES_AGGRESSIVE;
				CLANG_WARN_UNREACHABLE_CODE = YES;
				CLANG_WARN__DUPLICATE_METHOD_MATCH = YES;
				COPY_PHASE_STRIP = NO;
				DEBUG_INFORMATION_FORMAT = "dwarf-with-dsym";
				ENABLE_NS_ASSERTIONS = NO;
				ENABLE_STRICT_OBJC_MSGSEND = YES;
				ENABLE_USER_SCRIPT_SANDBOXING = YES;
				GCC_C_LANGUAGE_STANDARD = gnu17;
				GCC_NO_COMMON_BLOCKS = YES;
				GCC_WARN_64_TO_32_BIT_CONVERSION = YES;
				GCC_WARN_ABOUT_RETURN_TYPE = YES_ERROR;
				GCC_WARN_UNDECLARED_SELECTOR = YES;
				GCC_WARN_UNINITIALIZED_AUTOS = YES_AGGRESSIVE;
				GCC_WARN_UNUSED_FUNCTION = YES;
				GCC_WARN_UNUSED_VARIABLE = YES;
				IPHONEOS_DEPLOYMENT_TARGET = 16.6;
				LOCALIZATION_PREFERS_STRING_CATALOGS = YES;
				MTL_ENABLE_DEBUG_INFO = NO;
				MTL_FAST_MATH = YES;
				SDKROOT = iphoneos;
				SWIFT_COMPILATION_MODE = wholemodule;
				VALIDATE_PRODUCT = YES;
			};
			name = Release;
		};
		7D701BA92B45E0F400308946 /* Debug */ = {
			isa = XCBuildConfiguration;
			buildSettings = {
				ASSETCATALOG_COMPILER_APPICON_NAME = AppIcon;
				ASSETCATALOG_COMPILER_GLOBAL_ACCENT_COLOR_NAME = AccentColor;
				CODE_SIGN_STYLE = Automatic;
				CURRENT_PROJECT_VERSION = 1;
				DEVELOPMENT_TEAM = 874KCYK555;
				GENERATE_INFOPLIST_FILE = YES;
				INFOPLIST_FILE = Waster/Info.plist;
				INFOPLIST_KEY_UIApplicationSupportsIndirectInputEvents = YES;
				INFOPLIST_KEY_UILaunchStoryboardName = LaunchScreen;
				INFOPLIST_KEY_UIMainStoryboardFile = Main;
				INFOPLIST_KEY_UISupportedInterfaceOrientations = UIInterfaceOrientationPortrait;
				INFOPLIST_KEY_UISupportedInterfaceOrientations_iPad = "UIInterfaceOrientationLandscapeLeft UIInterfaceOrientationLandscapeRight UIInterfaceOrientationPortrait UIInterfaceOrientationPortraitUpsideDown";
				IPHONEOS_DEPLOYMENT_TARGET = 16.6;
				LD_RUNPATH_SEARCH_PATHS = (
					"$(inherited)",
					"@executable_path/Frameworks",
				);
				MARKETING_VERSION = 1.0;
				PRODUCT_BUNDLE_IDENTIFIER = com.donwolfton216.Waster;
				PRODUCT_NAME = "$(TARGET_NAME)";
				SUPPORTED_PLATFORMS = "iphoneos iphonesimulator";
				SUPPORTS_MACCATALYST = NO;
				SUPPORTS_MAC_DESIGNED_FOR_IPHONE_IPAD = NO;
				SWIFT_EMIT_LOC_STRINGS = YES;
				SWIFT_VERSION = 5.0;
				TARGETED_DEVICE_FAMILY = 1;
			};
			name = Debug;
		};
		7D701BAA2B45E0F400308946 /* Release */ = {
			isa = XCBuildConfiguration;
			buildSettings = {
				ASSETCATALOG_COMPILER_APPICON_NAME = AppIcon;
				ASSETCATALOG_COMPILER_GLOBAL_ACCENT_COLOR_NAME = AccentColor;
				CODE_SIGN_STYLE = Automatic;
				CURRENT_PROJECT_VERSION = 1;
				DEVELOPMENT_TEAM = 874KCYK555;
				GENERATE_INFOPLIST_FILE = YES;
				INFOPLIST_FILE = Waster/Info.plist;
				INFOPLIST_KEY_UIApplicationSupportsIndirectInputEvents = YES;
				INFOPLIST_KEY_UILaunchStoryboardName = LaunchScreen;
				INFOPLIST_KEY_UIMainStoryboardFile = Main;
				INFOPLIST_KEY_UISupportedInterfaceOrientations = UIInterfaceOrientationPortrait;
				INFOPLIST_KEY_UISupportedInterfaceOrientations_iPad = "UIInterfaceOrientationLandscapeLeft UIInterfaceOrientationLandscapeRight UIInterfaceOrientationPortrait UIInterfaceOrientationPortraitUpsideDown";
				IPHONEOS_DEPLOYMENT_TARGET = 16.6;
				LD_RUNPATH_SEARCH_PATHS = (
					"$(inherited)",
					"@executable_path/Frameworks",
				);
				MARKETING_VERSION = 1.0;
				PRODUCT_BUNDLE_IDENTIFIER = com.donwolfton216.Waster;
				PRODUCT_NAME = "$(TARGET_NAME)";
				SUPPORTED_PLATFORMS = "iphoneos iphonesimulator";
				SUPPORTS_MACCATALYST = NO;
				SUPPORTS_MAC_DESIGNED_FOR_IPHONE_IPAD = NO;
				SWIFT_EMIT_LOC_STRINGS = YES;
				SWIFT_VERSION = 5.0;
				TARGETED_DEVICE_FAMILY = 1;
			};
			name = Release;
		};
/* End XCBuildConfiguration section */

/* Begin XCConfigurationList section */
		7D701B8F2B45E0F300308946 /* Build configuration list for PBXProject "Waster" */ = {
			isa = XCConfigurationList;
			buildConfigurations = (
				7D701BA62B45E0F400308946 /* Debug */,
				7D701BA72B45E0F400308946 /* Release */,
			);
			defaultConfigurationIsVisible = 0;
			defaultConfigurationName = Release;
		};
		7D701BA82B45E0F400308946 /* Build configuration list for PBXNativeTarget "Waster" */ = {
			isa = XCConfigurationList;
			buildConfigurations = (
				7D701BA92B45E0F400308946 /* Debug */,
				7D701BAA2B45E0F400308946 /* Release */,
			);
			defaultConfigurationIsVisible = 0;
			defaultConfigurationName = Release;
		};
/* End XCConfigurationList section */

/* Begin XCRemoteSwiftPackageReference section */
		7D27C4E32C09ED9B00A9B304 /* XCRemoteSwiftPackageReference "SnapKit" */ = {
			isa = XCRemoteSwiftPackageReference;
			repositoryURL = "https://github.com/SnapKit/SnapKit.git";
			requirement = {
				kind = upToNextMajorVersion;
				minimumVersion = 5.7.1;
			};
		};
		7D54C0AC2C5F913A00F95D91 /* XCRemoteSwiftPackageReference "lottie-ios" */ = {
			isa = XCRemoteSwiftPackageReference;
			repositoryURL = "https://github.com/airbnb/lottie-ios.git";
			requirement = {
				kind = upToNextMajorVersion;
				minimumVersion = 4.5.0;
			};
		};
/* End XCRemoteSwiftPackageReference section */

/* Begin XCSwiftPackageProductDependency section */
		7D27C4E42C09ED9B00A9B304 /* SnapKit */ = {
			isa = XCSwiftPackageProductDependency;
			package = 7D27C4E32C09ED9B00A9B304 /* XCRemoteSwiftPackageReference "SnapKit" */;
			productName = SnapKit;
		};
		7D54C0AD2C5F913A00F95D91 /* Lottie */ = {
			isa = XCSwiftPackageProductDependency;
			package = 7D54C0AC2C5F913A00F95D91 /* XCRemoteSwiftPackageReference "lottie-ios" */;
			productName = Lottie;
		};
/* End XCSwiftPackageProductDependency section */
	};
	rootObject = 7D701B8C2B45E0F300308946 /* Project object */;
}
